# THIS IS AN AUTOGENERATED FILE. DO NOT EDIT THIS FILE DIRECTLY.
# yarn lockfile v1


bootstrap@^3.4.1:
  version "3.4.1"
  resolved "https://registry.yarnpkg.com/bootstrap/-/bootstrap-3.4.1.tgz#c3a347d419e289ad11f4033e3c4132b87c081d72"
  integrity sha512-yN5oZVmRCwe5aKwzRj6736nSmKDX7pLYwsXiCj/EYmo16hODaBiT4En5btW/jhBF/seV+XMx3aYwukYC3A49DA==

cordova-plugin-device@^2.0.3:
  version "2.0.3"
  resolved "https://registry.yarnpkg.com/cordova-plugin-device/-/cordova-plugin-device-2.0.3.tgz#c2b41b7efd0455dd097f89356d85bfdd5dadeb0f"
  integrity sha512-Jb3V72btxf3XHpkPQsGdyc8N6tVBYn1vsxSFj43fIz9vonJDUThYPCJJHqk6PX6N4dJw6I4FjxkpfCR4LDYMlw==

cordova-plugin-file-transfer@^1.7.1:
  version "1.7.1"
  resolved "https://registry.yarnpkg.com/cordova-plugin-file-transfer/-/cordova-plugin-file-transfer-1.7.1.tgz#a75d8be2ebc3bb9b23c5b1bbd199214ec267586b"
  integrity sha1-p12L4uvDu5sjxbG70ZkhTsJnWGs=

cordova-plugin-file@^6.0.2:
  version "6.0.2"
  resolved "https://registry.yarnpkg.com/cordova-plugin-file/-/cordova-plugin-file-6.0.2.tgz#f3911479f8357e9aacb5576674f8d95b31a1fb20"
  integrity sha512-m7cughw327CjONN/qjzsTpSesLaeybksQh420/gRuSXJX5Zt9NfgsSbqqKDon6jnQ9Mm7h7imgyO2uJ34XMBtA==

cordova-plugin-splashscreen@^4.0.3:
  version "4.1.0"
  resolved "https://registry.yarnpkg.com/cordova-plugin-splashscreen/-/cordova-plugin-splashscreen-4.1.0.tgz#81028ab7643e615593d27f2ad02445611f1946b6"
  integrity sha1-gQKKt2Q+YVWT0n8q0CRFYR8ZRrY=
